
Microsoft Visual Studio Solution File, Format Version 12.00
# Visual Studio 15
VisualStudioVersion = 15.0.27428.2015
MinimumVisualStudioVersion = 10.0.40219.1
Project("{FAE04EC0-301F-11D3-BF4B-00C04F79EFBC}") = "DynamicQL", "DynamicQL\DynamicQL.csproj", "{BEA10F7C-BAA3-4325-A608-6416954B62DE}"
EndProject
Project("{FAE04EC0-301F-11D3-BF4B-00C04F79EFBC}") = "DynamicQL.Core", "DynamicQL.Core\DynamicQL.Core.csproj", "{A9CBCDA8-D153-4C7D-8798-09D9DE9D8E18}"
EndProject
Project("{FAE04EC0-301F-11D3-BF4B-00C04F79EFBC}") = "DynamicQL.Middleware", "DynamicQL.Middleware\DynamicQL.Middleware.csproj", "{1817D64E-4B36-4497-8A94-FC0D09A61635}"
EndProject
Project("{FAE04EC0-301F-11D3-BF4B-00C04F79EFBC}") = "DynamicQL.Interfaces", "DynamicQL.Interfaces\DynamicQL.Interfaces.csproj", "{288F487A-D5A6-4A91-9BC6-00E20DBE4B31}"
EndProject
Global
	GlobalSection(SolutionConfigurationPlatforms) = preSolution
		Debug|Any CPU = Debug|Any CPU
		Release|Any CPU = Release|Any CPU
	EndGlobalSection
	GlobalSection(ProjectConfigurationPlatforms) = postSolution
		{BEA10F7C-BAA3-4325-A608-6416954B62DE}.Debug|Any CPU.ActiveCfg = Debug|Any CPU
		{BEA10F7C-BAA3-4325-A608-6416954B62DE}.Debug|Any CPU.Build.0 = Debug|Any CPU
		{BEA10F7C-BAA3-4325-A608-6416954B62DE}.Release|Any CPU.ActiveCfg = Release|Any CPU
		{BEA10F7C-BAA3-4325-A608-6416954B62DE}.Release|Any CPU.Build.0 = Release|Any CPU
		{A9CBCDA8-D153-4C7D-8798-09D9DE9D8E18}.Debug|Any CPU.ActiveCfg = Debug|Any CPU
		{A9CBCDA8-D153-4C7D-8798-09D9DE9D8E18}.Debug|Any CPU.Build.0 = Debug|Any CPU
		{A9CBCDA8-D153-4C7D-8798-09D9DE9D8E18}.Release|Any CPU.ActiveCfg = Release|Any CPU
		{A9CBCDA8-D153-4C7D-8798-09D9DE9D8E18}.Release|Any CPU.Build.0 = Release|Any CPU
		{1817D64E-4B36-4497-8A94-FC0D09A61635}.Debug|Any CPU.ActiveCfg = Debug|Any CPU
		{1817D64E-4B36-4497-8A94-FC0D09A61635}.Debug|Any CPU.Build.0 = Debug|Any CPU
		{1817D64E-4B36-4497-8A94-FC0D09A61635}.Release|Any CPU.ActiveCfg = Release|Any CPU
		{1817D64E-4B36-4497-8A94-FC0D09A61635}.Release|Any CPU.Build.0 = Release|Any CPU
		{288F487A-D5A6-4A91-9BC6-00E20DBE4B31}.Debug|Any CPU.ActiveCfg = Debug|Any CPU
		{288F487A-D5A6-4A91-9BC6-00E20DBE4B31}.Debug|Any CPU.Build.0 = Debug|Any CPU
		{288F487A-D5A6-4A91-9BC6-00E20DBE4B31}.Release|Any CPU.ActiveCfg = Release|Any CPU
		{288F487A-D5A6-4A91-9BC6-00E20DBE4B31}.Release|Any CPU.Build.0 = Release|Any CPU
	EndGlobalSection
	GlobalSection(SolutionProperties) = preSolution
		HideSolutionNode = FALSE
	EndGlobalSection
	GlobalSection(ExtensibilityGlobals) = postSolution
		SolutionGuid = {C8E73E0B-8CF7-4368-8076-44530A63B23A}
	EndGlobalSection
EndGlobal
